
Microsoft Visual Studio Solution File, Format Version 12.00
# Visual Studio 15
VisualStudioVersion = 15.0.27428.2015
MinimumVisualStudioVersion = 10.0.40219.1
Project("{FAE04EC0-301F-11D3-BF4B-00C04F79EFBC}") = "ChurchManagementSystem", "ChurchManagementSystem\ChurchManagementSystem.csproj", "{6FA67A79-0E4B-4391-BE74-B50277AAC608}"
EndProject
Global
	GlobalSection(SolutionConfigurationPlatforms) = preSolution
		Debug|Any CPU = Debug|Any CPU
		Release|Any CPU = Release|Any CPU
	EndGlobalSection
	GlobalSection(ProjectConfigurationPlatforms) = postSolution
		{6FA67A79-0E4B-4391-BE74-B50277AAC608}.Debug|Any CPU.ActiveCfg = Debug|Any CPU
		{6FA67A79-0E4B-4391-BE74-B50277AAC608}.Debug|Any CPU.Build.0 = Debug|Any CPU
		{6FA67A79-0E4B-4391-BE74-B50277AAC608}.Release|Any CPU.ActiveCfg = Release|Any CPU
		{6FA67A79-0E4B-4391-BE74-B50277AAC608}.Release|Any CPU.Build.0 = Release|Any CPU
	EndGlobalSection
	GlobalSection(SolutionProperties) = preSolution
		HideSolutionNode = FALSE
	EndGlobalSection
	GlobalSection(ExtensibilityGlobals) = postSolution
		SolutionGuid = {7BDDA48E-5218-4BAB-8C4E-1FFED483E339}
	EndGlobalSection
EndGlobal
